// !$*UTF8*$!
{
	archiveVersion = 1;
	classes = {
	};
	objectVersion = 50;
	objects = {

/* Begin PBXBuildFile section */
		AA7D54C421DE8E1F0007DFD7 /* main.m in Sources */ = {isa = PBXBuildFile; fileRef = AA7D54C321DE8E1F0007DFD7 /* main.m */; };
		AA7D54CC21DE8E5A0007DFD7 /* Cars.m in Sources */ = {isa = PBXBuildFile; fileRef = AA7D54CB21DE8E5A0007DFD7 /* Cars.m */; };
		AA7D54CF21DE93550007DFD7 /* Audi.m in Sources */ = {isa = PBXBuildFile; fileRef = AA7D54CE21DE93550007DFD7 /* Audi.m */; };
/* End PBXBuildFile section */

/* Begin PBXCopyFilesBuildPhase section */
		AA7D54BE21DE8E1F0007DFD7 /* CopyFiles */ = {
			isa = PBXCopyFilesBuildPhase;
			buildActionMask = 2147483647;
			dstPath = /usr/share/man/man1/;
			dstSubfolderSpec = 0;
			files = (
			);
			runOnlyForDeploymentPostprocessing = 1;
		};
/* End PBXCopyFilesBuildPhase section */

/* Begin PBXFileReference section */
		AA7D54C021DE8E1F0007DFD7 /* PropertyParameters */ = {isa = PBXFileReference; explicitFileType = "compiled.mach-o.executable"; includeInIndex = 0; path = PropertyParameters; sourceTree = BUILT_PRODUCTS_DIR; };
		AA7D54C321DE8E1F0007DFD7 /* main.m */ = {isa = PBXFileReference; lastKnownFileType = sourcecode.c.objc; path = main.m; sourceTree = "<group>"; };
		AA7D54CA21DE8E5A0007DFD7 /* Cars.h */ = {isa = PBXFileReference; lastKnownFileType = sourcecode.c.h; path = Cars.h; sourceTree = "<group>"; };
		AA7D54CB21DE8E5A0007DFD7 /* Cars.m */ = {isa = PBXFileReference; lastKnownFileType = sourcecode.c.objc; path = Cars.m; sourceTree = "<group>"; };
		AA7D54CD21DE93550007DFD7 /* Audi.h */ = {isa = PBXFileReference; lastKnownFileType = sourcecode.c.h; path = Audi.h; sourceTree = "<group>"; };
		AA7D54CE21DE93550007DFD7 /* Audi.m */ = {isa = PBXFileReference; lastKnownFileType = sourcecode.c.objc; path = Audi.m; sourceTree = "<group>"; };
/* End PBXFileReference section */

/* Begin PBXFrameworksBuildPhase section */
		AA7D54BD21DE8E1F0007DFD7 /* Frameworks */ = {
			isa = PBXFrameworksBuildPhase;
			buildActionMask = 2147483647;
			files = (
			);
			runOnlyForDeploymentPostprocessing = 0;
		};
/* End PBXFrameworksBuildPhase section */

/* Begin PBXGroup section */
		AA7D54B721DE8E1F0007DFD7 = {
			isa = PBXGroup;
			children = (
				AA7D54C221DE8E1F0007DFD7 /* PropertyParameters */,
				AA7D54C121DE8E1F0007DFD7 /* Products */,
			);
			sourceTree = "<group>";
		};
		AA7D54C121DE8E1F0007DFD7 /* Products */ = {
			isa = PBXGroup;
			children = (
				AA7D54C021DE8E1F0007DFD7 /* PropertyParameters */,
			);
			name = Products;
			sourceTree = "<group>";
		};
		AA7D54C221DE8E1F0007DFD7 /* PropertyParameters */ = {
			isa = PBXGroup;
			children = (
				AA7D54CA21DE8E5A0007DFD7 /* Cars.h */,
				AA7D54CB21DE8E5A0007DFD7 /* Cars.m */,
				AA7D54CD21DE93550007DFD7 /* Audi.h */,
				AA7D54CE21DE93550007DFD7 /* Audi.m */,
				AA7D54C321DE8E1F0007DFD7 /* main.m */,
			);
			path = PropertyParameters;
			sourceTree = "<group>";
		};
/* End PBXGroup section */

/* Begin PBXNativeTarget section */
		AA7D54BF21DE8E1F0007DFD7 /* PropertyParameters */ = {
			isa = PBXNativeTarget;
			buildConfigurationList = AA7D54C721DE8E1F0007DFD7 /* Build configuration list for PBXNativeTarget "PropertyParameters" */;
			buildPhases = (
				AA7D54BC21DE8E1F0007DFD7 /* Sources */,
				AA7D54BD21DE8E1F0007DFD7 /* Frameworks */,
				AA7D54BE21DE8E1F0007DFD7 /* CopyFiles */,
			);
			buildRules = (
			);
			dependencies = (
			);
			name = PropertyParameters;
			productName = PropertyParameters;
			productReference = AA7D54C021DE8E1F0007DFD7 /* PropertyParameters */;
			productType = "com.apple.product-type.tool";
		};
/* End PBXNativeTarget section */

/* Begin PBXProject section */
		AA7D54B821DE8E1F0007DFD7 /* Project object */ = {
			isa = PBXProject;
			attributes = {
				LastUpgradeCheck = 1010;
				ORGANIZATIONNAME = "Алексей Малашенков";
				TargetAttributes = {
					AA7D54BF21DE8E1F0007DFD7 = {
						CreatedOnToolsVersion = 10.1;
					};
				};
			};
			buildConfigurationList = AA7D54BB21DE8E1F0007DFD7 /* Build configuration list for PBXProject "PropertyParameters" */;
			compatibilityVersion = "Xcode 9.3";
			developmentRegion = en;
			hasScannedForEncodings = 0;
			knownRegions = (
				en,
			);
			mainGroup = AA7D54B721DE8E1F0007DFD7;
			productRefGroup = AA7D54C121DE8E1F0007DFD7 /* Products */;
			projectDirPath = "";
			projectRoot = "";
			targets = (
				AA7D54BF21DE8E1F0007DFD7 /* PropertyParameters */,
			);
		};
/* End PBXProject section */

/* Begin PBXSourcesBuildPhase section */
		AA7D54BC21DE8E1F0007DFD7 /* Sources */ = {
			isa = PBXSourcesBuildPhase;
			buildActionMask = 2147483647;
			files = (
				AA7D54CF21DE93550007DFD7 /* Audi.m in Sources */,
				AA7D54CC21DE8E5A0007DFD7 /* Cars.m in Sources */,
				AA7D54C421DE8E1F0007DFD7 /* main.m in Sources */,
			);
			runOnlyForDeploymentPostprocessing = 0;
		};
/* End PBXSourcesBuildPhase section */

/* Begin XCBuildConfiguration section */
		AA7D54C521DE8E1F0007DFD7 /* Debug */ = {
			isa = XCBuildConfiguration;
			buildSettings = {
				ALWAYS_SEARCH_USER_PATHS = NO;
				CLANG_ANALYZER_NONNULL = YES;
				CLANG_ANALYZER_NUMBER_OBJECT_CONVERSION = YES_AGGRESSIVE;
				CLANG_CXX_LANGUAGE_STANDARD = "gnu++14";
				CLANG_CXX_LIBRARY = "libc++";
				CLANG_ENABLE_MODULES = YES;
				CLANG_ENABLE_OBJC_ARC = YES;
				CLANG_ENABLE_OBJC_WEAK = YES;
				CLANG_WARN_BLOCK_CAPTURE_AUTORELEASING = YES;
				CLANG_WARN_BOOL_CONVERSION = YES;
				CLANG_WARN_COMMA = YES;
				CLANG_WARN_CONSTANT_CONVERSION = YES;
				CLANG_WARN_DEPRECATED_OBJC_IMPLEMENTATIONS = YES;
				CLANG_WARN_DIRECT_OBJC_ISA_USAGE = YES_ERROR;
				CLANG_WARN_DOCUMENTATION_COMMENTS = YES;
				CLANG_WARN_EMPTY_BODY = YES;
				CLANG_WARN_ENUM_CONVERSION = YES;
				CLANG_WARN_INFINITE_RECURSION = YES;
				CLANG_WARN_INT_CONVERSION = YES;
				CLANG_WARN_NON_LITERAL_NULL_CONVERSION = YES;
				CLANG_WARN_OBJC_IMPLICIT_RETAIN_SELF = YES;
				CLANG_WARN_OBJC_LITERAL_CONVERSION = YES;
				CLANG_WARN_OBJC_ROOT_CLASS = YES_ERROR;
				CLANG_WARN_RANGE_LOOP_ANALYSIS = YES;
				CLANG_WARN_STRICT_PROTOTYPES = YES;
				CLANG_WARN_SUSPICIOUS_MOVE = YES;
				CLANG_WARN_UNGUARDED_AVAILABILITY = YES_AGGRESSIVE;
				CLANG_WARN_UNREACHABLE_CODE = YES;
				CLANG_WARN__DUPLICATE_METHOD_MATCH = YES;
				CODE_SIGN_IDENTITY = "Mac Developer";
				COPY_PHASE_STRIP = NO;
				DEBUG_INFORMATION_FORMAT = dwarf;
				ENABLE_STRICT_OBJC_MSGSEND = YES;
				ENABLE_TESTABILITY = YES;
				GCC_C_LANGUAGE_STANDARD = gnu11;
				GCC_DYNAMIC_NO_PIC = NO;
				GCC_NO_COMMON_BLOCKS = YES;
				GCC_OPTIMIZATION_LEVEL = 0;
				GCC_PREPROCESSOR_DEFINITIONS = (
					"DEBUG=1",
					"$(inherited)",
				);
				GCC_WARN_64_TO_32_BIT_CONVERSION = YES;
				GCC_WARN_ABOUT_RETURN_TYPE = YES_ERROR;
				GCC_WARN_UNDECLARED_SELECTOR = YES;
				GCC_WARN_UNINITIALIZED_AUTOS = YES_AGGRESSIVE;
				GCC_WARN_UNUSED_FUNCTION = YES;
				GCC_WARN_UNUSED_VARIABLE = YES;
				MACOSX_DEPLOYMENT_TARGET = 10.14;
				MTL_ENABLE_DEBUG_INFO = INCLUDE_SOURCE;
				MTL_FAST_MATH = YES;
				ONLY_ACTIVE_ARCH = YES;
				SDKROOT = macosx;
			};
			name = Debug;
		};
		AA7D54C621DE8E1F0007DFD7 /* Release */ = {
			isa = XCBuildConfiguration;
			buildSettings = {
				ALWAYS_SEARCH_USER_PATHS = NO;
				CLANG_ANALYZER_NONNULL = YES;
				CLANG_ANALYZER_NUMBER_OBJECT_CONVERSION = YES_AGGRESSIVE;
				CLANG_CXX_LANGUAGE_STANDARD = "gnu++14";
				CLANG_CXX_LIBRARY = "libc++";
				CLANG_ENABLE_MODULES = YES;
				CLANG_ENABLE_OBJC_ARC = YES;
				CLANG_ENABLE_OBJC_WEAK = YES;
				CLANG_WARN_BLOCK_CAPTURE_AUTORELEASING = YES;
				CLANG_WARN_BOOL_CONVERSION = YES;
				CLANG_WARN_COMMA = YES;
				CLANG_WARN_CONSTANT_CONVERSION = YES;
				CLANG_WARN_DEPRECATED_OBJC_IMPLEMENTATIONS = YES;
				CLANG_WARN_DIRECT_OBJC_ISA_USAGE = YES_ERROR;
				CLANG_WARN_DOCUMENTATION_COMMENTS = YES;
				CLANG_WARN_EMPTY_BODY = YES;
				CLANG_WARN_ENUM_CONVERSION = YES;
				CLANG_WARN_INFINITE_RECURSION = YES;
				CLANG_WARN_INT_CONVERSION = YES;
				CLANG_WARN_NON_LITERAL_NULL_CONVERSION = YES;
				CLANG_WARN_OBJC_IMPLICIT_RETAIN_SELF = YES;
				CLANG_WARN_OBJC_LITERAL_CONVERSION = YES;
				CLANG_WARN_OBJC_ROOT_CLASS = YES_ERROR;
				CLANG_WARN_RANGE_LOOP_ANALYSIS = YES;
				CLANG_WARN_STRICT_PROTOTYPES = YES;
				CLANG_WARN_SUSPICIOUS_MOVE = YES;
				CLANG_WARN_UNGUARDED_AVAILABILITY = YES_AGGRESSIVE;
				CLANG_WARN_UNREACHABLE_CODE = YES;
				CLANG_WARN__DUPLICATE_METHOD_MATCH = YES;
				CODE_SIGN_IDENTITY = "Mac Developer";
				COPY_PHASE_STRIP = NO;
				DEBUG_INFORMATION_FORMAT = "dwarf-with-dsym";
				ENABLE_NS_ASSERTIONS = NO;
				ENABLE_STRICT_OBJC_MSGSEND = YES;
				GCC_C_LANGUAGE_STANDARD = gnu11;
				GCC_NO_COMMON_BLOCKS = YES;
				GCC_WARN_64_TO_32_BIT_CONVERSION = YES;
				GCC_WARN_ABOUT_RETURN_TYPE = YES_ERROR;
				GCC_WARN_UNDECLARED_SELECTOR = YES;
				GCC_WARN_UNINITIALIZED_AUTOS = YES_AGGRESSIVE;
				GCC_WARN_UNUSED_FUNCTION = YES;
				GCC_WARN_UNUSED_VARIABLE = YES;
				MACOSX_DEPLOYMENT_TARGET = 10.14;
				MTL_ENABLE_DEBUG_INFO = NO;
				MTL_FAST_MATH = YES;
				SDKROOT = macosx;
			};
			name = Release;
		};
		AA7D54C821DE8E1F0007DFD7 /* Debug */ = {
			isa = XCBuildConfiguration;
			buildSettings = {
				CODE_SIGN_STYLE = Automatic;
				DEVELOPMENT_TEAM = 24TL6EGTXM;
				PRODUCT_NAME = "$(TARGET_NAME)";
			};
			name = Debug;
		};
		AA7D54C921DE8E1F0007DFD7 /* Release */ = {
			isa = XCBuildConfiguration;
			buildSettings = {
				CODE_SIGN_STYLE = Automatic;
				DEVELOPMENT_TEAM = 24TL6EGTXM;
				PRODUCT_NAME = "$(TARGET_NAME)";
			};
			name = Release;
		};
/* End XCBuildConfiguration section */

/* Begin XCConfigurationList section */
		AA7D54BB21DE8E1F0007DFD7 /* Build configuration list for PBXProject "PropertyParameters" */ = {
			isa = XCConfigurationList;
			buildConfigurations = (
				AA7D54C521DE8E1F0007DFD7 /* Debug */,
				AA7D54C621DE8E1F0007DFD7 /* Release */,
			);
			defaultConfigurationIsVisible = 0;
			defaultConfigurationName = Release;
		};
		AA7D54C721DE8E1F0007DFD7 /* Build configuration list for PBXNativeTarget "PropertyParameters" */ = {
			isa = XCConfigurationList;
			buildConfigurations = (
				AA7D54C821DE8E1F0007DFD7 /* Debug */,
				AA7D54C921DE8E1F0007DFD7 /* Release */,
			);
			defaultConfigurationIsVisible = 0;
			defaultConfigurationName = Release;
		};
/* End XCConfigurationList section */
	};
	rootObject = AA7D54B821DE8E1F0007DFD7 /* Project object */;
}
