// !$*UTF8*$!
{
	archiveVersion = 1;
	classes = {
	};
	objectVersion = 50;
	objects = {

/* Begin PBXBuildFile section */
		AAE29C2A21E75D0E007E8E8B /* Patient.m in Sources */ = {isa = PBXBuildFile; fileRef = AAE29C2921E75D0E007E8E8B /* Patient.m */; };
		AAE29C2D21E76047007E8E8B /* Doctor.m in Sources */ = {isa = PBXBuildFile; fileRef = AAE29C2C21E76047007E8E8B /* Doctor.m */; };
		AAFCE3E821E7575600E81DD7 /* AppDelegate.m in Sources */ = {isa = PBXBuildFile; fileRef = AAFCE3E721E7575600E81DD7 /* AppDelegate.m */; };
		AAFCE3EB21E7575600E81DD7 /* ViewController.m in Sources */ = {isa = PBXBuildFile; fileRef = AAFCE3EA21E7575600E81DD7 /* ViewController.m */; };
		AAFCE3EE21E7575600E81DD7 /* Main.storyboard in Resources */ = {isa = PBXBuildFile; fileRef = AAFCE3EC21E7575600E81DD7 /* Main.storyboard */; };
		AAFCE3F021E7575600E81DD7 /* Assets.xcassets in Resources */ = {isa = PBXBuildFile; fileRef = AAFCE3EF21E7575600E81DD7 /* Assets.xcassets */; };
		AAFCE3F321E7575600E81DD7 /* LaunchScreen.storyboard in Resources */ = {isa = PBXBuildFile; fileRef = AAFCE3F121E7575600E81DD7 /* LaunchScreen.storyboard */; };
		AAFCE3F621E7575600E81DD7 /* main.m in Sources */ = {isa = PBXBuildFile; fileRef = AAFCE3F521E7575600E81DD7 /* main.m */; };
/* End PBXBuildFile section */

/* Begin PBXFileReference section */
		AAE29C2821E75D0E007E8E8B /* Patient.h */ = {isa = PBXFileReference; lastKnownFileType = sourcecode.c.h; path = Patient.h; sourceTree = "<group>"; };
		AAE29C2921E75D0E007E8E8B /* Patient.m */ = {isa = PBXFileReference; lastKnownFileType = sourcecode.c.objc; path = Patient.m; sourceTree = "<group>"; };
		AAE29C2B21E76047007E8E8B /* Doctor.h */ = {isa = PBXFileReference; lastKnownFileType = sourcecode.c.h; path = Doctor.h; sourceTree = "<group>"; };
		AAE29C2C21E76047007E8E8B /* Doctor.m */ = {isa = PBXFileReference; lastKnownFileType = sourcecode.c.objc; path = Doctor.m; sourceTree = "<group>"; };
		AAFCE3E321E7575500E81DD7 /* DeligatesTest.app */ = {isa = PBXFileReference; explicitFileType = wrapper.application; includeInIndex = 0; path = DeligatesTest.app; sourceTree = BUILT_PRODUCTS_DIR; };
		AAFCE3E621E7575600E81DD7 /* AppDelegate.h */ = {isa = PBXFileReference; lastKnownFileType = sourcecode.c.h; path = AppDelegate.h; sourceTree = "<group>"; };
		AAFCE3E721E7575600E81DD7 /* AppDelegate.m */ = {isa = PBXFileReference; lastKnownFileType = sourcecode.c.objc; path = AppDelegate.m; sourceTree = "<group>"; };
		AAFCE3E921E7575600E81DD7 /* ViewController.h */ = {isa = PBXFileReference; lastKnownFileType = sourcecode.c.h; path = ViewController.h; sourceTree = "<group>"; };
		AAFCE3EA21E7575600E81DD7 /* ViewController.m */ = {isa = PBXFileReference; lastKnownFileType = sourcecode.c.objc; path = ViewController.m; sourceTree = "<group>"; };
		AAFCE3ED21E7575600E81DD7 /* Base */ = {isa = PBXFileReference; lastKnownFileType = file.storyboard; name = Base; path = Base.lproj/Main.storyboard; sourceTree = "<group>"; };
		AAFCE3EF21E7575600E81DD7 /* Assets.xcassets */ = {isa = PBXFileReference; lastKnownFileType = folder.assetcatalog; path = Assets.xcassets; sourceTree = "<group>"; };
		AAFCE3F221E7575600E81DD7 /* Base */ = {isa = PBXFileReference; lastKnownFileType = file.storyboard; name = Base; path = Base.lproj/LaunchScreen.storyboard; sourceTree = "<group>"; };
		AAFCE3F421E7575600E81DD7 /* Info.plist */ = {isa = PBXFileReference; lastKnownFileType = text.plist.xml; path = Info.plist; sourceTree = "<group>"; };
		AAFCE3F521E7575600E81DD7 /* main.m */ = {isa = PBXFileReference; lastKnownFileType = sourcecode.c.objc; path = main.m; sourceTree = "<group>"; };
/* End PBXFileReference section */

/* Begin PBXFrameworksBuildPhase section */
		AAFCE3E021E7575500E81DD7 /* Frameworks */ = {
			isa = PBXFrameworksBuildPhase;
			buildActionMask = 2147483647;
			files = (
			);
			runOnlyForDeploymentPostprocessing = 0;
		};
/* End PBXFrameworksBuildPhase section */

/* Begin PBXGroup section */
		AAFCE3DA21E7575500E81DD7 = {
			isa = PBXGroup;
			children = (
				AAFCE3E521E7575600E81DD7 /* DeligatesTest */,
				AAFCE3E421E7575500E81DD7 /* Products */,
			);
			sourceTree = "<group>";
		};
		AAFCE3E421E7575500E81DD7 /* Products */ = {
			isa = PBXGroup;
			children = (
				AAFCE3E321E7575500E81DD7 /* DeligatesTest.app */,
			);
			name = Products;
			sourceTree = "<group>";
		};
		AAFCE3E521E7575600E81DD7 /* DeligatesTest */ = {
			isa = PBXGroup;
			children = (
				AAE29C2821E75D0E007E8E8B /* Patient.h */,
				AAE29C2921E75D0E007E8E8B /* Patient.m */,
				AAE29C2B21E76047007E8E8B /* Doctor.h */,
				AAE29C2C21E76047007E8E8B /* Doctor.m */,
				AAFCE3E621E7575600E81DD7 /* AppDelegate.h */,
				AAFCE3E721E7575600E81DD7 /* AppDelegate.m */,
				AAFCE3E921E7575600E81DD7 /* ViewController.h */,
				AAFCE3EA21E7575600E81DD7 /* ViewController.m */,
				AAFCE3EC21E7575600E81DD7 /* Main.storyboard */,
				AAFCE3EF21E7575600E81DD7 /* Assets.xcassets */,
				AAFCE3F121E7575600E81DD7 /* LaunchScreen.storyboard */,
				AAFCE3F421E7575600E81DD7 /* Info.plist */,
				AAFCE3F521E7575600E81DD7 /* main.m */,
			);
			path = DeligatesTest;
			sourceTree = "<group>";
		};
/* End PBXGroup section */

/* Begin PBXNativeTarget section */
		AAFCE3E221E7575500E81DD7 /* DeligatesTest */ = {
			isa = PBXNativeTarget;
			buildConfigurationList = AAFCE3F921E7575600E81DD7 /* Build configuration list for PBXNativeTarget "DeligatesTest" */;
			buildPhases = (
				AAFCE3DF21E7575500E81DD7 /* Sources */,
				AAFCE3E021E7575500E81DD7 /* Frameworks */,
				AAFCE3E121E7575500E81DD7 /* Resources */,
			);
			buildRules = (
			);
			dependencies = (
			);
			name = DeligatesTest;
			productName = DeligatesTest;
			productReference = AAFCE3E321E7575500E81DD7 /* DeligatesTest.app */;
			productType = "com.apple.product-type.application";
		};
/* End PBXNativeTarget section */

/* Begin PBXProject section */
		AAFCE3DB21E7575500E81DD7 /* Project object */ = {
			isa = PBXProject;
			attributes = {
				LastUpgradeCheck = 1010;
				ORGANIZATIONNAME = "Алексей Малашенков";
				TargetAttributes = {
					AAFCE3E221E7575500E81DD7 = {
						CreatedOnToolsVersion = 10.1;
					};
				};
			};
			buildConfigurationList = AAFCE3DE21E7575500E81DD7 /* Build configuration list for PBXProject "DeligatesTest" */;
			compatibilityVersion = "Xcode 9.3";
			developmentRegion = en;
			hasScannedForEncodings = 0;
			knownRegions = (
				en,
				Base,
			);
			mainGroup = AAFCE3DA21E7575500E81DD7;
			productRefGroup = AAFCE3E421E7575500E81DD7 /* Products */;
			projectDirPath = "";
			projectRoot = "";
			targets = (
				AAFCE3E221E7575500E81DD7 /* DeligatesTest */,
			);
		};
/* End PBXProject section */

/* Begin PBXResourcesBuildPhase section */
		AAFCE3E121E7575500E81DD7 /* Resources */ = {
			isa = PBXResourcesBuildPhase;
			buildActionMask = 2147483647;
			files = (
				AAFCE3F321E7575600E81DD7 /* LaunchScreen.storyboard in Resources */,
				AAFCE3F021E7575600E81DD7 /* Assets.xcassets in Resources */,
				AAFCE3EE21E7575600E81DD7 /* Main.storyboard in Resources */,
			);
			runOnlyForDeploymentPostprocessing = 0;
		};
/* End PBXResourcesBuildPhase section */

/* Begin PBXSourcesBuildPhase section */
		AAFCE3DF21E7575500E81DD7 /* Sources */ = {
			isa = PBXSourcesBuildPhase;
			buildActionMask = 2147483647;
			files = (
				AAFCE3EB21E7575600E81DD7 /* ViewController.m in Sources */,
				AAE29C2A21E75D0E007E8E8B /* Patient.m in Sources */,
				AAFCE3F621E7575600E81DD7 /* main.m in Sources */,
				AAFCE3E821E7575600E81DD7 /* AppDelegate.m in Sources */,
				AAE29C2D21E76047007E8E8B /* Doctor.m in Sources */,
			);
			runOnlyForDeploymentPostprocessing = 0;
		};
/* End PBXSourcesBuildPhase section */

/* Begin PBXVariantGroup section */
		AAFCE3EC21E7575600E81DD7 /* Main.storyboard */ = {
			isa = PBXVariantGroup;
			children = (
				AAFCE3ED21E7575600E81DD7 /* Base */,
			);
			name = Main.storyboard;
			sourceTree = "<group>";
		};
		AAFCE3F121E7575600E81DD7 /* LaunchScreen.storyboard */ = {
			isa = PBXVariantGroup;
			children = (
				AAFCE3F221E7575600E81DD7 /* Base */,
			);
			name = LaunchScreen.storyboard;
			sourceTree = "<group>";
		};
/* End PBXVariantGroup section */

/* Begin XCBuildConfiguration section */
		AAFCE3F721E7575600E81DD7 /* Debug */ = {
			isa = XCBuildConfiguration;
			buildSettings = {
				ALWAYS_SEARCH_USER_PATHS = NO;
				CLANG_ANALYZER_NONNULL = YES;
				CLANG_ANALYZER_NUMBER_OBJECT_CONVERSION = YES_AGGRESSIVE;
				CLANG_CXX_LANGUAGE_STANDARD = "gnu++14";
				CLANG_CXX_LIBRARY = "libc++";
				CLANG_ENABLE_MODULES = YES;
				CLANG_ENABLE_OBJC_ARC = YES;
				CLANG_ENABLE_OBJC_WEAK = YES;
				CLANG_WARN_BLOCK_CAPTURE_AUTORELEASING = YES;
				CLANG_WARN_BOOL_CONVERSION = YES;
				CLANG_WARN_COMMA = YES;
				CLANG_WARN_CONSTANT_CONVERSION = YES;
				CLANG_WARN_DEPRECATED_OBJC_IMPLEMENTATIONS = YES;
				CLANG_WARN_DIRECT_OBJC_ISA_USAGE = YES_ERROR;
				CLANG_WARN_DOCUMENTATION_COMMENTS = YES;
				CLANG_WARN_EMPTY_BODY = YES;
				CLANG_WARN_ENUM_CONVERSION = YES;
				CLANG_WARN_INFINITE_RECURSION = YES;
				CLANG_WARN_INT_CONVERSION = YES;
				CLANG_WARN_NON_LITERAL_NULL_CONVERSION = YES;
				CLANG_WARN_OBJC_IMPLICIT_RETAIN_SELF = YES;
				CLANG_WARN_OBJC_LITERAL_CONVERSION = YES;
				CLANG_WARN_OBJC_ROOT_CLASS = YES_ERROR;
				CLANG_WARN_RANGE_LOOP_ANALYSIS = YES;
				CLANG_WARN_STRICT_PROTOTYPES = YES;
				CLANG_WARN_SUSPICIOUS_MOVE = YES;
				CLANG_WARN_UNGUARDED_AVAILABILITY = YES_AGGRESSIVE;
				CLANG_WARN_UNREACHABLE_CODE = YES;
				CLANG_WARN__DUPLICATE_METHOD_MATCH = YES;
				CODE_SIGN_IDENTITY = "iPhone Developer";
				COPY_PHASE_STRIP = NO;
				DEBUG_INFORMATION_FORMAT = dwarf;
				ENABLE_STRICT_OBJC_MSGSEND = YES;
				ENABLE_TESTABILITY = YES;
				GCC_C_LANGUAGE_STANDARD = gnu11;
				GCC_DYNAMIC_NO_PIC = NO;
				GCC_NO_COMMON_BLOCKS = YES;
				GCC_OPTIMIZATION_LEVEL = 0;
				GCC_PREPROCESSOR_DEFINITIONS = (
					"DEBUG=1",
					"$(inherited)",
				);
				GCC_WARN_64_TO_32_BIT_CONVERSION = YES;
				GCC_WARN_ABOUT_RETURN_TYPE = YES_ERROR;
				GCC_WARN_UNDECLARED_SELECTOR = YES;
				GCC_WARN_UNINITIALIZED_AUTOS = YES_AGGRESSIVE;
				GCC_WARN_UNUSED_FUNCTION = YES;
				GCC_WARN_UNUSED_VARIABLE = YES;
				IPHONEOS_DEPLOYMENT_TARGET = 12.1;
				MTL_ENABLE_DEBUG_INFO = INCLUDE_SOURCE;
				MTL_FAST_MATH = YES;
				ONLY_ACTIVE_ARCH = YES;
				SDKROOT = iphoneos;
			};
			name = Debug;
		};
		AAFCE3F821E7575600E81DD7 /* Release */ = {
			isa = XCBuildConfiguration;
			buildSettings = {
				ALWAYS_SEARCH_USER_PATHS = NO;
				CLANG_ANALYZER_NONNULL = YES;
				CLANG_ANALYZER_NUMBER_OBJECT_CONVERSION = YES_AGGRESSIVE;
				CLANG_CXX_LANGUAGE_STANDARD = "gnu++14";
				CLANG_CXX_LIBRARY = "libc++";
				CLANG_ENABLE_MODULES = YES;
				CLANG_ENABLE_OBJC_ARC = YES;
				CLANG_ENABLE_OBJC_WEAK = YES;
				CLANG_WARN_BLOCK_CAPTURE_AUTORELEASING = YES;
				CLANG_WARN_BOOL_CONVERSION = YES;
				CLANG_WARN_COMMA = YES;
				CLANG_WARN_CONSTANT_CONVERSION = YES;
				CLANG_WARN_DEPRECATED_OBJC_IMPLEMENTATIONS = YES;
				CLANG_WARN_DIRECT_OBJC_ISA_USAGE = YES_ERROR;
				CLANG_WARN_DOCUMENTATION_COMMENTS = YES;
				CLANG_WARN_EMPTY_BODY = YES;
				CLANG_WARN_ENUM_CONVERSION = YES;
				CLANG_WARN_INFINITE_RECURSION = YES;
				CLANG_WARN_INT_CONVERSION = YES;
				CLANG_WARN_NON_LITERAL_NULL_CONVERSION = YES;
				CLANG_WARN_OBJC_IMPLICIT_RETAIN_SELF = YES;
				CLANG_WARN_OBJC_LITERAL_CONVERSION = YES;
				CLANG_WARN_OBJC_ROOT_CLASS = YES_ERROR;
				CLANG_WARN_RANGE_LOOP_ANALYSIS = YES;
				CLANG_WARN_STRICT_PROTOTYPES = YES;
				CLANG_WARN_SUSPICIOUS_MOVE = YES;
				CLANG_WARN_UNGUARDED_AVAILABILITY = YES_AGGRESSIVE;
				CLANG_WARN_UNREACHABLE_CODE = YES;
				CLANG_WARN__DUPLICATE_METHOD_MATCH = YES;
				CODE_SIGN_IDENTITY = "iPhone Developer";
				COPY_PHASE_STRIP = NO;
				DEBUG_INFORMATION_FORMAT = "dwarf-with-dsym";
				ENABLE_NS_ASSERTIONS = NO;
				ENABLE_STRICT_OBJC_MSGSEND = YES;
				GCC_C_LANGUAGE_STANDARD = gnu11;
				GCC_NO_COMMON_BLOCKS = YES;
				GCC_WARN_64_TO_32_BIT_CONVERSION = YES;
				GCC_WARN_ABOUT_RETURN_TYPE = YES_ERROR;
				GCC_WARN_UNDECLARED_SELECTOR = YES;
				GCC_WARN_UNINITIALIZED_AUTOS = YES_AGGRESSIVE;
				GCC_WARN_UNUSED_FUNCTION = YES;
				GCC_WARN_UNUSED_VARIABLE = YES;
				IPHONEOS_DEPLOYMENT_TARGET = 12.1;
				MTL_ENABLE_DEBUG_INFO = NO;
				MTL_FAST_MATH = YES;
				SDKROOT = iphoneos;
				VALIDATE_PRODUCT = YES;
			};
			name = Release;
		};
		AAFCE3FA21E7575600E81DD7 /* Debug */ = {
			isa = XCBuildConfiguration;
			buildSettings = {
				ASSETCATALOG_COMPILER_APPICON_NAME = AppIcon;
				CODE_SIGN_STYLE = Automatic;
				DEVELOPMENT_TEAM = 24TL6EGTXM;
				INFOPLIST_FILE = DeligatesTest/Info.plist;
				LD_RUNPATH_SEARCH_PATHS = (
					"$(inherited)",
					"@executable_path/Frameworks",
				);
				PRODUCT_BUNDLE_IDENTIFIER = com.Alex.Malashenkov.DeligatesTest;
				PRODUCT_NAME = "$(TARGET_NAME)";
				TARGETED_DEVICE_FAMILY = "1,2";
			};
			name = Debug;
		};
		AAFCE3FB21E7575600E81DD7 /* Release */ = {
			isa = XCBuildConfiguration;
			buildSettings = {
				ASSETCATALOG_COMPILER_APPICON_NAME = AppIcon;
				CODE_SIGN_STYLE = Automatic;
				DEVELOPMENT_TEAM = 24TL6EGTXM;
				INFOPLIST_FILE = DeligatesTest/Info.plist;
				LD_RUNPATH_SEARCH_PATHS = (
					"$(inherited)",
					"@executable_path/Frameworks",
				);
				PRODUCT_BUNDLE_IDENTIFIER = com.Alex.Malashenkov.DeligatesTest;
				PRODUCT_NAME = "$(TARGET_NAME)";
				TARGETED_DEVICE_FAMILY = "1,2";
			};
			name = Release;
		};
/* End XCBuildConfiguration section */

/* Begin XCConfigurationList section */
		AAFCE3DE21E7575500E81DD7 /* Build configuration list for PBXProject "DeligatesTest" */ = {
			isa = XCConfigurationList;
			buildConfigurations = (
				AAFCE3F721E7575600E81DD7 /* Debug */,
				AAFCE3F821E7575600E81DD7 /* Release */,
			);
			defaultConfigurationIsVisible = 0;
			defaultConfigurationName = Release;
		};
		AAFCE3F921E7575600E81DD7 /* Build configuration list for PBXNativeTarget "DeligatesTest" */ = {
			isa = XCConfigurationList;
			buildConfigurations = (
				AAFCE3FA21E7575600E81DD7 /* Debug */,
				AAFCE3FB21E7575600E81DD7 /* Release */,
			);
			defaultConfigurationIsVisible = 0;
			defaultConfigurationName = Release;
		};
/* End XCConfigurationList section */
	};
	rootObject = AAFCE3DB21E7575500E81DD7 /* Project object */;
}
