// !$*UTF8*$!
{
	archiveVersion = 1;
	classes = {
	};
	objectVersion = 50;
	objects = {

/* Begin PBXBuildFile section */
		AAE1507D21E5034500F5EB27 /* Animal.m in Sources */ = {isa = PBXBuildFile; fileRef = AAE1507C21E5034500F5EB27 /* Animal.m */; };
		AAE1508021E5035B00F5EB27 /* Cheetah.m in Sources */ = {isa = PBXBuildFile; fileRef = AAE1507F21E5035B00F5EB27 /* Cheetah.m */; };
		AAE1508321E5036500F5EB27 /* Dog.m in Sources */ = {isa = PBXBuildFile; fileRef = AAE1508221E5036500F5EB27 /* Dog.m */; };
		AAE1508621E5037800F5EB27 /* Kangaroo.m in Sources */ = {isa = PBXBuildFile; fileRef = AAE1508521E5037800F5EB27 /* Kangaroo.m */; };
		AAE1508921E5038100F5EB27 /* Sloth.m in Sources */ = {isa = PBXBuildFile; fileRef = AAE1508821E5038100F5EB27 /* Sloth.m */; };
		AAE1508C21E5038E00F5EB27 /* Turtle.m in Sources */ = {isa = PBXBuildFile; fileRef = AAE1508B21E5038E00F5EB27 /* Turtle.m */; };
		AAE1509521E5043500F5EB27 /* Sportsman.m in Sources */ = {isa = PBXBuildFile; fileRef = AAE1509421E5043500F5EB27 /* Sportsman.m */; };
		AAE1509821E5044600F5EB27 /* Jumper.m in Sources */ = {isa = PBXBuildFile; fileRef = AAE1509721E5044600F5EB27 /* Jumper.m */; };
		AAE1509B21E5045000F5EB27 /* Runner.m in Sources */ = {isa = PBXBuildFile; fileRef = AAE1509A21E5045000F5EB27 /* Runner.m */; };
		AAE1509E21E5046300F5EB27 /* SumoWrestler.m in Sources */ = {isa = PBXBuildFile; fileRef = AAE1509D21E5046300F5EB27 /* SumoWrestler.m */; };
		AAE150A121E5046E00F5EB27 /* Swimmer.m in Sources */ = {isa = PBXBuildFile; fileRef = AAE150A021E5046E00F5EB27 /* Swimmer.m */; };
		AAE150A721E5084A00F5EB27 /* Triathlete.m in Sources */ = {isa = PBXBuildFile; fileRef = AAE150A621E5084A00F5EB27 /* Triathlete.m */; };
		AAE150AA21E5087400F5EB27 /* Crocodile.m in Sources */ = {isa = PBXBuildFile; fileRef = AAE150A921E5087400F5EB27 /* Crocodile.m */; };
		AAE7823D21E4FA5F00646F48 /* main.m in Sources */ = {isa = PBXBuildFile; fileRef = AAE7823C21E4FA5F00646F48 /* main.m */; };
/* End PBXBuildFile section */

/* Begin PBXCopyFilesBuildPhase section */
		AAE7823721E4FA5F00646F48 /* CopyFiles */ = {
			isa = PBXCopyFilesBuildPhase;
			buildActionMask = 2147483647;
			dstPath = /usr/share/man/man1/;
			dstSubfolderSpec = 0;
			files = (
			);
			runOnlyForDeploymentPostprocessing = 1;
		};
/* End PBXCopyFilesBuildPhase section */

/* Begin PBXFileReference section */
		AAE1507B21E5034500F5EB27 /* Animal.h */ = {isa = PBXFileReference; lastKnownFileType = sourcecode.c.h; path = Animal.h; sourceTree = "<group>"; };
		AAE1507C21E5034500F5EB27 /* Animal.m */ = {isa = PBXFileReference; lastKnownFileType = sourcecode.c.objc; path = Animal.m; sourceTree = "<group>"; };
		AAE1507E21E5035B00F5EB27 /* Cheetah.h */ = {isa = PBXFileReference; lastKnownFileType = sourcecode.c.h; path = Cheetah.h; sourceTree = "<group>"; };
		AAE1507F21E5035B00F5EB27 /* Cheetah.m */ = {isa = PBXFileReference; lastKnownFileType = sourcecode.c.objc; path = Cheetah.m; sourceTree = "<group>"; };
		AAE1508121E5036500F5EB27 /* Dog.h */ = {isa = PBXFileReference; lastKnownFileType = sourcecode.c.h; path = Dog.h; sourceTree = "<group>"; };
		AAE1508221E5036500F5EB27 /* Dog.m */ = {isa = PBXFileReference; lastKnownFileType = sourcecode.c.objc; path = Dog.m; sourceTree = "<group>"; };
		AAE1508421E5037800F5EB27 /* Kangaroo.h */ = {isa = PBXFileReference; lastKnownFileType = sourcecode.c.h; path = Kangaroo.h; sourceTree = "<group>"; };
		AAE1508521E5037800F5EB27 /* Kangaroo.m */ = {isa = PBXFileReference; lastKnownFileType = sourcecode.c.objc; path = Kangaroo.m; sourceTree = "<group>"; };
		AAE1508721E5038100F5EB27 /* Sloth.h */ = {isa = PBXFileReference; lastKnownFileType = sourcecode.c.h; path = Sloth.h; sourceTree = "<group>"; };
		AAE1508821E5038100F5EB27 /* Sloth.m */ = {isa = PBXFileReference; lastKnownFileType = sourcecode.c.objc; path = Sloth.m; sourceTree = "<group>"; };
		AAE1508A21E5038E00F5EB27 /* Turtle.h */ = {isa = PBXFileReference; lastKnownFileType = sourcecode.c.h; path = Turtle.h; sourceTree = "<group>"; };
		AAE1508B21E5038E00F5EB27 /* Turtle.m */ = {isa = PBXFileReference; lastKnownFileType = sourcecode.c.objc; path = Turtle.m; sourceTree = "<group>"; };
		AAE1509321E5043500F5EB27 /* Sportsman.h */ = {isa = PBXFileReference; lastKnownFileType = sourcecode.c.h; path = Sportsman.h; sourceTree = "<group>"; };
		AAE1509421E5043500F5EB27 /* Sportsman.m */ = {isa = PBXFileReference; lastKnownFileType = sourcecode.c.objc; path = Sportsman.m; sourceTree = "<group>"; };
		AAE1509621E5044600F5EB27 /* Jumper.h */ = {isa = PBXFileReference; lastKnownFileType = sourcecode.c.h; path = Jumper.h; sourceTree = "<group>"; };
		AAE1509721E5044600F5EB27 /* Jumper.m */ = {isa = PBXFileReference; lastKnownFileType = sourcecode.c.objc; path = Jumper.m; sourceTree = "<group>"; };
		AAE1509921E5045000F5EB27 /* Runner.h */ = {isa = PBXFileReference; lastKnownFileType = sourcecode.c.h; path = Runner.h; sourceTree = "<group>"; };
		AAE1509A21E5045000F5EB27 /* Runner.m */ = {isa = PBXFileReference; lastKnownFileType = sourcecode.c.objc; path = Runner.m; sourceTree = "<group>"; };
		AAE1509C21E5046300F5EB27 /* SumoWrestler.h */ = {isa = PBXFileReference; lastKnownFileType = sourcecode.c.h; path = SumoWrestler.h; sourceTree = "<group>"; };
		AAE1509D21E5046300F5EB27 /* SumoWrestler.m */ = {isa = PBXFileReference; lastKnownFileType = sourcecode.c.objc; path = SumoWrestler.m; sourceTree = "<group>"; };
		AAE1509F21E5046E00F5EB27 /* Swimmer.h */ = {isa = PBXFileReference; lastKnownFileType = sourcecode.c.h; path = Swimmer.h; sourceTree = "<group>"; };
		AAE150A021E5046E00F5EB27 /* Swimmer.m */ = {isa = PBXFileReference; lastKnownFileType = sourcecode.c.objc; path = Swimmer.m; sourceTree = "<group>"; };
		AAE150A221E505BD00F5EB27 /* Jumpers.h */ = {isa = PBXFileReference; lastKnownFileType = sourcecode.c.h; path = Jumpers.h; sourceTree = "<group>"; };
		AAE150A321E505E500F5EB27 /* Swimmers.h */ = {isa = PBXFileReference; lastKnownFileType = sourcecode.c.h; path = Swimmers.h; sourceTree = "<group>"; };
		AAE150A421E5060E00F5EB27 /* Runners.h */ = {isa = PBXFileReference; lastKnownFileType = sourcecode.c.h; path = Runners.h; sourceTree = "<group>"; };
		AAE150A521E5084A00F5EB27 /* Triathlete.h */ = {isa = PBXFileReference; lastKnownFileType = sourcecode.c.h; path = Triathlete.h; sourceTree = "<group>"; };
		AAE150A621E5084A00F5EB27 /* Triathlete.m */ = {isa = PBXFileReference; lastKnownFileType = sourcecode.c.objc; path = Triathlete.m; sourceTree = "<group>"; };
		AAE150A821E5087400F5EB27 /* Crocodile.h */ = {isa = PBXFileReference; lastKnownFileType = sourcecode.c.h; path = Crocodile.h; sourceTree = "<group>"; };
		AAE150A921E5087400F5EB27 /* Crocodile.m */ = {isa = PBXFileReference; lastKnownFileType = sourcecode.c.objc; path = Crocodile.m; sourceTree = "<group>"; };
		AAE7823921E4FA5F00646F48 /* HomeWork-7 */ = {isa = PBXFileReference; explicitFileType = "compiled.mach-o.executable"; includeInIndex = 0; path = "HomeWork-7"; sourceTree = BUILT_PRODUCTS_DIR; };
		AAE7823C21E4FA5F00646F48 /* main.m */ = {isa = PBXFileReference; lastKnownFileType = sourcecode.c.objc; path = main.m; sourceTree = "<group>"; };
/* End PBXFileReference section */

/* Begin PBXFrameworksBuildPhase section */
		AAE7823621E4FA5F00646F48 /* Frameworks */ = {
			isa = PBXFrameworksBuildPhase;
			buildActionMask = 2147483647;
			files = (
			);
			runOnlyForDeploymentPostprocessing = 0;
		};
/* End PBXFrameworksBuildPhase section */

/* Begin PBXGroup section */
		AAE7823021E4FA5F00646F48 = {
			isa = PBXGroup;
			children = (
				AAE7823B21E4FA5F00646F48 /* HomeWork-7 */,
				AAE7823A21E4FA5F00646F48 /* Products */,
			);
			sourceTree = "<group>";
		};
		AAE7823A21E4FA5F00646F48 /* Products */ = {
			isa = PBXGroup;
			children = (
				AAE7823921E4FA5F00646F48 /* HomeWork-7 */,
			);
			name = Products;
			sourceTree = "<group>";
		};
		AAE7823B21E4FA5F00646F48 /* HomeWork-7 */ = {
			isa = PBXGroup;
			children = (
				AAE7823C21E4FA5F00646F48 /* main.m */,
				AAE150A221E505BD00F5EB27 /* Jumpers.h */,
				AAE150A321E505E500F5EB27 /* Swimmers.h */,
				AAE150A421E5060E00F5EB27 /* Runners.h */,
				AAE1509321E5043500F5EB27 /* Sportsman.h */,
				AAE1509421E5043500F5EB27 /* Sportsman.m */,
				AAE1509621E5044600F5EB27 /* Jumper.h */,
				AAE1509721E5044600F5EB27 /* Jumper.m */,
				AAE1509921E5045000F5EB27 /* Runner.h */,
				AAE1509A21E5045000F5EB27 /* Runner.m */,
				AAE1509C21E5046300F5EB27 /* SumoWrestler.h */,
				AAE1509D21E5046300F5EB27 /* SumoWrestler.m */,
				AAE1509F21E5046E00F5EB27 /* Swimmer.h */,
				AAE150A021E5046E00F5EB27 /* Swimmer.m */,
				AAE150A521E5084A00F5EB27 /* Triathlete.h */,
				AAE150A621E5084A00F5EB27 /* Triathlete.m */,
				AAE1507B21E5034500F5EB27 /* Animal.h */,
				AAE1507C21E5034500F5EB27 /* Animal.m */,
				AAE1507E21E5035B00F5EB27 /* Cheetah.h */,
				AAE1507F21E5035B00F5EB27 /* Cheetah.m */,
				AAE150A821E5087400F5EB27 /* Crocodile.h */,
				AAE150A921E5087400F5EB27 /* Crocodile.m */,
				AAE1508121E5036500F5EB27 /* Dog.h */,
				AAE1508221E5036500F5EB27 /* Dog.m */,
				AAE1508421E5037800F5EB27 /* Kangaroo.h */,
				AAE1508521E5037800F5EB27 /* Kangaroo.m */,
				AAE1508721E5038100F5EB27 /* Sloth.h */,
				AAE1508821E5038100F5EB27 /* Sloth.m */,
				AAE1508A21E5038E00F5EB27 /* Turtle.h */,
				AAE1508B21E5038E00F5EB27 /* Turtle.m */,
			);
			path = "HomeWork-7";
			sourceTree = "<group>";
		};
/* End PBXGroup section */

/* Begin PBXNativeTarget section */
		AAE7823821E4FA5F00646F48 /* HomeWork-7 */ = {
			isa = PBXNativeTarget;
			buildConfigurationList = AAE7824021E4FA5F00646F48 /* Build configuration list for PBXNativeTarget "HomeWork-7" */;
			buildPhases = (
				AAE7823521E4FA5F00646F48 /* Sources */,
				AAE7823621E4FA5F00646F48 /* Frameworks */,
				AAE7823721E4FA5F00646F48 /* CopyFiles */,
			);
			buildRules = (
			);
			dependencies = (
			);
			name = "HomeWork-7";
			productName = "HomeWork-7";
			productReference = AAE7823921E4FA5F00646F48 /* HomeWork-7 */;
			productType = "com.apple.product-type.tool";
		};
/* End PBXNativeTarget section */

/* Begin PBXProject section */
		AAE7823121E4FA5F00646F48 /* Project object */ = {
			isa = PBXProject;
			attributes = {
				LastUpgradeCheck = 1010;
				ORGANIZATIONNAME = "Алексей Малашенков";
				TargetAttributes = {
					AAE7823821E4FA5F00646F48 = {
						CreatedOnToolsVersion = 10.1;
					};
				};
			};
			buildConfigurationList = AAE7823421E4FA5F00646F48 /* Build configuration list for PBXProject "HomeWork-7" */;
			compatibilityVersion = "Xcode 9.3";
			developmentRegion = en;
			hasScannedForEncodings = 0;
			knownRegions = (
				en,
			);
			mainGroup = AAE7823021E4FA5F00646F48;
			productRefGroup = AAE7823A21E4FA5F00646F48 /* Products */;
			projectDirPath = "";
			projectRoot = "";
			targets = (
				AAE7823821E4FA5F00646F48 /* HomeWork-7 */,
			);
		};
/* End PBXProject section */

/* Begin PBXSourcesBuildPhase section */
		AAE7823521E4FA5F00646F48 /* Sources */ = {
			isa = PBXSourcesBuildPhase;
			buildActionMask = 2147483647;
			files = (
				AAE1508921E5038100F5EB27 /* Sloth.m in Sources */,
				AAE150A721E5084A00F5EB27 /* Triathlete.m in Sources */,
				AAE1508621E5037800F5EB27 /* Kangaroo.m in Sources */,
				AAE1509E21E5046300F5EB27 /* SumoWrestler.m in Sources */,
				AAE150AA21E5087400F5EB27 /* Crocodile.m in Sources */,
				AAE7823D21E4FA5F00646F48 /* main.m in Sources */,
				AAE1508021E5035B00F5EB27 /* Cheetah.m in Sources */,
				AAE1508C21E5038E00F5EB27 /* Turtle.m in Sources */,
				AAE1509521E5043500F5EB27 /* Sportsman.m in Sources */,
				AAE1508321E5036500F5EB27 /* Dog.m in Sources */,
				AAE150A121E5046E00F5EB27 /* Swimmer.m in Sources */,
				AAE1509821E5044600F5EB27 /* Jumper.m in Sources */,
				AAE1507D21E5034500F5EB27 /* Animal.m in Sources */,
				AAE1509B21E5045000F5EB27 /* Runner.m in Sources */,
			);
			runOnlyForDeploymentPostprocessing = 0;
		};
/* End PBXSourcesBuildPhase section */

/* Begin XCBuildConfiguration section */
		AAE7823E21E4FA5F00646F48 /* Debug */ = {
			isa = XCBuildConfiguration;
			buildSettings = {
				ALWAYS_SEARCH_USER_PATHS = NO;
				CLANG_ANALYZER_NONNULL = YES;
				CLANG_ANALYZER_NUMBER_OBJECT_CONVERSION = YES_AGGRESSIVE;
				CLANG_CXX_LANGUAGE_STANDARD = "gnu++14";
				CLANG_CXX_LIBRARY = "libc++";
				CLANG_ENABLE_MODULES = YES;
				CLANG_ENABLE_OBJC_ARC = YES;
				CLANG_ENABLE_OBJC_WEAK = YES;
				CLANG_WARN_BLOCK_CAPTURE_AUTORELEASING = YES;
				CLANG_WARN_BOOL_CONVERSION = YES;
				CLANG_WARN_COMMA = YES;
				CLANG_WARN_CONSTANT_CONVERSION = YES;
				CLANG_WARN_DEPRECATED_OBJC_IMPLEMENTATIONS = YES;
				CLANG_WARN_DIRECT_OBJC_ISA_USAGE = YES_ERROR;
				CLANG_WARN_DOCUMENTATION_COMMENTS = YES;
				CLANG_WARN_EMPTY_BODY = YES;
				CLANG_WARN_ENUM_CONVERSION = YES;
				CLANG_WARN_INFINITE_RECURSION = YES;
				CLANG_WARN_INT_CONVERSION = YES;
				CLANG_WARN_NON_LITERAL_NULL_CONVERSION = YES;
				CLANG_WARN_OBJC_IMPLICIT_RETAIN_SELF = YES;
				CLANG_WARN_OBJC_LITERAL_CONVERSION = YES;
				CLANG_WARN_OBJC_ROOT_CLASS = YES_ERROR;
				CLANG_WARN_RANGE_LOOP_ANALYSIS = YES;
				CLANG_WARN_STRICT_PROTOTYPES = YES;
				CLANG_WARN_SUSPICIOUS_MOVE = YES;
				CLANG_WARN_UNGUARDED_AVAILABILITY = YES_AGGRESSIVE;
				CLANG_WARN_UNREACHABLE_CODE = YES;
				CLANG_WARN__DUPLICATE_METHOD_MATCH = YES;
				CODE_SIGN_IDENTITY = "Mac Developer";
				COPY_PHASE_STRIP = NO;
				DEBUG_INFORMATION_FORMAT = dwarf;
				ENABLE_STRICT_OBJC_MSGSEND = YES;
				ENABLE_TESTABILITY = YES;
				GCC_C_LANGUAGE_STANDARD = gnu11;
				GCC_DYNAMIC_NO_PIC = NO;
				GCC_NO_COMMON_BLOCKS = YES;
				GCC_OPTIMIZATION_LEVEL = 0;
				GCC_PREPROCESSOR_DEFINITIONS = (
					"DEBUG=1",
					"$(inherited)",
				);
				GCC_WARN_64_TO_32_BIT_CONVERSION = YES;
				GCC_WARN_ABOUT_RETURN_TYPE = YES_ERROR;
				GCC_WARN_UNDECLARED_SELECTOR = YES;
				GCC_WARN_UNINITIALIZED_AUTOS = YES_AGGRESSIVE;
				GCC_WARN_UNUSED_FUNCTION = YES;
				GCC_WARN_UNUSED_VARIABLE = YES;
				MACOSX_DEPLOYMENT_TARGET = 10.14;
				MTL_ENABLE_DEBUG_INFO = INCLUDE_SOURCE;
				MTL_FAST_MATH = YES;
				ONLY_ACTIVE_ARCH = YES;
				SDKROOT = macosx;
			};
			name = Debug;
		};
		AAE7823F21E4FA5F00646F48 /* Release */ = {
			isa = XCBuildConfiguration;
			buildSettings = {
				ALWAYS_SEARCH_USER_PATHS = NO;
				CLANG_ANALYZER_NONNULL = YES;
				CLANG_ANALYZER_NUMBER_OBJECT_CONVERSION = YES_AGGRESSIVE;
				CLANG_CXX_LANGUAGE_STANDARD = "gnu++14";
				CLANG_CXX_LIBRARY = "libc++";
				CLANG_ENABLE_MODULES = YES;
				CLANG_ENABLE_OBJC_ARC = YES;
				CLANG_ENABLE_OBJC_WEAK = YES;
				CLANG_WARN_BLOCK_CAPTURE_AUTORELEASING = YES;
				CLANG_WARN_BOOL_CONVERSION = YES;
				CLANG_WARN_COMMA = YES;
				CLANG_WARN_CONSTANT_CONVERSION = YES;
				CLANG_WARN_DEPRECATED_OBJC_IMPLEMENTATIONS = YES;
				CLANG_WARN_DIRECT_OBJC_ISA_USAGE = YES_ERROR;
				CLANG_WARN_DOCUMENTATION_COMMENTS = YES;
				CLANG_WARN_EMPTY_BODY = YES;
				CLANG_WARN_ENUM_CONVERSION = YES;
				CLANG_WARN_INFINITE_RECURSION = YES;
				CLANG_WARN_INT_CONVERSION = YES;
				CLANG_WARN_NON_LITERAL_NULL_CONVERSION = YES;
				CLANG_WARN_OBJC_IMPLICIT_RETAIN_SELF = YES;
				CLANG_WARN_OBJC_LITERAL_CONVERSION = YES;
				CLANG_WARN_OBJC_ROOT_CLASS = YES_ERROR;
				CLANG_WARN_RANGE_LOOP_ANALYSIS = YES;
				CLANG_WARN_STRICT_PROTOTYPES = YES;
				CLANG_WARN_SUSPICIOUS_MOVE = YES;
				CLANG_WARN_UNGUARDED_AVAILABILITY = YES_AGGRESSIVE;
				CLANG_WARN_UNREACHABLE_CODE = YES;
				CLANG_WARN__DUPLICATE_METHOD_MATCH = YES;
				CODE_SIGN_IDENTITY = "Mac Developer";
				COPY_PHASE_STRIP = NO;
				DEBUG_INFORMATION_FORMAT = "dwarf-with-dsym";
				ENABLE_NS_ASSERTIONS = NO;
				ENABLE_STRICT_OBJC_MSGSEND = YES;
				GCC_C_LANGUAGE_STANDARD = gnu11;
				GCC_NO_COMMON_BLOCKS = YES;
				GCC_WARN_64_TO_32_BIT_CONVERSION = YES;
				GCC_WARN_ABOUT_RETURN_TYPE = YES_ERROR;
				GCC_WARN_UNDECLARED_SELECTOR = YES;
				GCC_WARN_UNINITIALIZED_AUTOS = YES_AGGRESSIVE;
				GCC_WARN_UNUSED_FUNCTION = YES;
				GCC_WARN_UNUSED_VARIABLE = YES;
				MACOSX_DEPLOYMENT_TARGET = 10.14;
				MTL_ENABLE_DEBUG_INFO = NO;
				MTL_FAST_MATH = YES;
				SDKROOT = macosx;
			};
			name = Release;
		};
		AAE7824121E4FA5F00646F48 /* Debug */ = {
			isa = XCBuildConfiguration;
			buildSettings = {
				CODE_SIGN_STYLE = Automatic;
				DEVELOPMENT_TEAM = 24TL6EGTXM;
				PRODUCT_NAME = "$(TARGET_NAME)";
			};
			name = Debug;
		};
		AAE7824221E4FA5F00646F48 /* Release */ = {
			isa = XCBuildConfiguration;
			buildSettings = {
				CODE_SIGN_STYLE = Automatic;
				DEVELOPMENT_TEAM = 24TL6EGTXM;
				PRODUCT_NAME = "$(TARGET_NAME)";
			};
			name = Release;
		};
/* End XCBuildConfiguration section */

/* Begin XCConfigurationList section */
		AAE7823421E4FA5F00646F48 /* Build configuration list for PBXProject "HomeWork-7" */ = {
			isa = XCConfigurationList;
			buildConfigurations = (
				AAE7823E21E4FA5F00646F48 /* Debug */,
				AAE7823F21E4FA5F00646F48 /* Release */,
			);
			defaultConfigurationIsVisible = 0;
			defaultConfigurationName = Release;
		};
		AAE7824021E4FA5F00646F48 /* Build configuration list for PBXNativeTarget "HomeWork-7" */ = {
			isa = XCConfigurationList;
			buildConfigurations = (
				AAE7824121E4FA5F00646F48 /* Debug */,
				AAE7824221E4FA5F00646F48 /* Release */,
			);
			defaultConfigurationIsVisible = 0;
			defaultConfigurationName = Release;
		};
/* End XCConfigurationList section */
	};
	rootObject = AAE7823121E4FA5F00646F48 /* Project object */;
}
