// !$*UTF8*$!
{
	archiveVersion = 1;
	classes = {
	};
	objectVersion = 50;
	objects = {

/* Begin PBXBuildFile section */
		AAE7823D21E4FA5F00646F48 /* main.m in Sources */ = {isa = PBXBuildFile; fileRef = AAE7823C21E4FA5F00646F48 /* main.m */; };
		AAE7824821E4FACD00646F48 /* People.m in Sources */ = {isa = PBXBuildFile; fileRef = AAE7824721E4FACD00646F48 /* People.m */; };
		AAE7824B21E4FAD700646F48 /* Animal.m in Sources */ = {isa = PBXBuildFile; fileRef = AAE7824A21E4FAD700646F48 /* Animal.m */; };
/* End PBXBuildFile section */

/* Begin PBXCopyFilesBuildPhase section */
		AAE7823721E4FA5F00646F48 /* CopyFiles */ = {
			isa = PBXCopyFilesBuildPhase;
			buildActionMask = 2147483647;
			dstPath = /usr/share/man/man1/;
			dstSubfolderSpec = 0;
			files = (
			);
			runOnlyForDeploymentPostprocessing = 1;
		};
/* End PBXCopyFilesBuildPhase section */

/* Begin PBXFileReference section */
		AAE7823921E4FA5F00646F48 /* HomeWork-7 */ = {isa = PBXFileReference; explicitFileType = "compiled.mach-o.executable"; includeInIndex = 0; path = "HomeWork-7"; sourceTree = BUILT_PRODUCTS_DIR; };
		AAE7823C21E4FA5F00646F48 /* main.m */ = {isa = PBXFileReference; lastKnownFileType = sourcecode.c.objc; path = main.m; sourceTree = "<group>"; };
		AAE7824321E4FA8200646F48 /* Jumper.h */ = {isa = PBXFileReference; lastKnownFileType = sourcecode.c.h; path = Jumper.h; sourceTree = "<group>"; };
		AAE7824421E4FA8D00646F48 /* Swimmers.h */ = {isa = PBXFileReference; lastKnownFileType = sourcecode.c.h; path = Swimmers.h; sourceTree = "<group>"; };
		AAE7824521E4FA9A00646F48 /* Runners.h */ = {isa = PBXFileReference; lastKnownFileType = sourcecode.c.h; path = Runners.h; sourceTree = "<group>"; };
		AAE7824621E4FACD00646F48 /* People.h */ = {isa = PBXFileReference; lastKnownFileType = sourcecode.c.h; path = People.h; sourceTree = "<group>"; };
		AAE7824721E4FACD00646F48 /* People.m */ = {isa = PBXFileReference; lastKnownFileType = sourcecode.c.objc; path = People.m; sourceTree = "<group>"; };
		AAE7824921E4FAD700646F48 /* Animal.h */ = {isa = PBXFileReference; lastKnownFileType = sourcecode.c.h; path = Animal.h; sourceTree = "<group>"; };
		AAE7824A21E4FAD700646F48 /* Animal.m */ = {isa = PBXFileReference; lastKnownFileType = sourcecode.c.objc; path = Animal.m; sourceTree = "<group>"; };
/* End PBXFileReference section */

/* Begin PBXFrameworksBuildPhase section */
		AAE7823621E4FA5F00646F48 /* Frameworks */ = {
			isa = PBXFrameworksBuildPhase;
			buildActionMask = 2147483647;
			files = (
			);
			runOnlyForDeploymentPostprocessing = 0;
		};
/* End PBXFrameworksBuildPhase section */

/* Begin PBXGroup section */
		AAE7823021E4FA5F00646F48 = {
			isa = PBXGroup;
			children = (
				AAE7823B21E4FA5F00646F48 /* HomeWork-7 */,
				AAE7823A21E4FA5F00646F48 /* Products */,
			);
			sourceTree = "<group>";
		};
		AAE7823A21E4FA5F00646F48 /* Products */ = {
			isa = PBXGroup;
			children = (
				AAE7823921E4FA5F00646F48 /* HomeWork-7 */,
			);
			name = Products;
			sourceTree = "<group>";
		};
		AAE7823B21E4FA5F00646F48 /* HomeWork-7 */ = {
			isa = PBXGroup;
			children = (
				AAE7823C21E4FA5F00646F48 /* main.m */,
				AAE7824321E4FA8200646F48 /* Jumper.h */,
				AAE7824421E4FA8D00646F48 /* Swimmers.h */,
				AAE7824521E4FA9A00646F48 /* Runners.h */,
				AAE7824621E4FACD00646F48 /* People.h */,
				AAE7824721E4FACD00646F48 /* People.m */,
				AAE7824921E4FAD700646F48 /* Animal.h */,
				AAE7824A21E4FAD700646F48 /* Animal.m */,
			);
			path = "HomeWork-7";
			sourceTree = "<group>";
		};
/* End PBXGroup section */

/* Begin PBXNativeTarget section */
		AAE7823821E4FA5F00646F48 /* HomeWork-7 */ = {
			isa = PBXNativeTarget;
			buildConfigurationList = AAE7824021E4FA5F00646F48 /* Build configuration list for PBXNativeTarget "HomeWork-7" */;
			buildPhases = (
				AAE7823521E4FA5F00646F48 /* Sources */,
				AAE7823621E4FA5F00646F48 /* Frameworks */,
				AAE7823721E4FA5F00646F48 /* CopyFiles */,
			);
			buildRules = (
			);
			dependencies = (
			);
			name = "HomeWork-7";
			productName = "HomeWork-7";
			productReference = AAE7823921E4FA5F00646F48 /* HomeWork-7 */;
			productType = "com.apple.product-type.tool";
		};
/* End PBXNativeTarget section */

/* Begin PBXProject section */
		AAE7823121E4FA5F00646F48 /* Project object */ = {
			isa = PBXProject;
			attributes = {
				LastUpgradeCheck = 1010;
				ORGANIZATIONNAME = "Алексей Малашенков";
				TargetAttributes = {
					AAE7823821E4FA5F00646F48 = {
						CreatedOnToolsVersion = 10.1;
					};
				};
			};
			buildConfigurationList = AAE7823421E4FA5F00646F48 /* Build configuration list for PBXProject "HomeWork-7" */;
			compatibilityVersion = "Xcode 9.3";
			developmentRegion = en;
			hasScannedForEncodings = 0;
			knownRegions = (
				en,
			);
			mainGroup = AAE7823021E4FA5F00646F48;
			productRefGroup = AAE7823A21E4FA5F00646F48 /* Products */;
			projectDirPath = "";
			projectRoot = "";
			targets = (
				AAE7823821E4FA5F00646F48 /* HomeWork-7 */,
			);
		};
/* End PBXProject section */

/* Begin PBXSourcesBuildPhase section */
		AAE7823521E4FA5F00646F48 /* Sources */ = {
			isa = PBXSourcesBuildPhase;
			buildActionMask = 2147483647;
			files = (
				AAE7824B21E4FAD700646F48 /* Animal.m in Sources */,
				AAE7824821E4FACD00646F48 /* People.m in Sources */,
				AAE7823D21E4FA5F00646F48 /* main.m in Sources */,
			);
			runOnlyForDeploymentPostprocessing = 0;
		};
/* End PBXSourcesBuildPhase section */

/* Begin XCBuildConfiguration section */
		AAE7823E21E4FA5F00646F48 /* Debug */ = {
			isa = XCBuildConfiguration;
			buildSettings = {
				ALWAYS_SEARCH_USER_PATHS = NO;
				CLANG_ANALYZER_NONNULL = YES;
				CLANG_ANALYZER_NUMBER_OBJECT_CONVERSION = YES_AGGRESSIVE;
				CLANG_CXX_LANGUAGE_STANDARD = "gnu++14";
				CLANG_CXX_LIBRARY = "libc++";
				CLANG_ENABLE_MODULES = YES;
				CLANG_ENABLE_OBJC_ARC = YES;
				CLANG_ENABLE_OBJC_WEAK = YES;
				CLANG_WARN_BLOCK_CAPTURE_AUTORELEASING = YES;
				CLANG_WARN_BOOL_CONVERSION = YES;
				CLANG_WARN_COMMA = YES;
				CLANG_WARN_CONSTANT_CONVERSION = YES;
				CLANG_WARN_DEPRECATED_OBJC_IMPLEMENTATIONS = YES;
				CLANG_WARN_DIRECT_OBJC_ISA_USAGE = YES_ERROR;
				CLANG_WARN_DOCUMENTATION_COMMENTS = YES;
				CLANG_WARN_EMPTY_BODY = YES;
				CLANG_WARN_ENUM_CONVERSION = YES;
				CLANG_WARN_INFINITE_RECURSION = YES;
				CLANG_WARN_INT_CONVERSION = YES;
				CLANG_WARN_NON_LITERAL_NULL_CONVERSION = YES;
				CLANG_WARN_OBJC_IMPLICIT_RETAIN_SELF = YES;
				CLANG_WARN_OBJC_LITERAL_CONVERSION = YES;
				CLANG_WARN_OBJC_ROOT_CLASS = YES_ERROR;
				CLANG_WARN_RANGE_LOOP_ANALYSIS = YES;
				CLANG_WARN_STRICT_PROTOTYPES = YES;
				CLANG_WARN_SUSPICIOUS_MOVE = YES;
				CLANG_WARN_UNGUARDED_AVAILABILITY = YES_AGGRESSIVE;
				CLANG_WARN_UNREACHABLE_CODE = YES;
				CLANG_WARN__DUPLICATE_METHOD_MATCH = YES;
				CODE_SIGN_IDENTITY = "Mac Developer";
				COPY_PHASE_STRIP = NO;
				DEBUG_INFORMATION_FORMAT = dwarf;
				ENABLE_STRICT_OBJC_MSGSEND = YES;
				ENABLE_TESTABILITY = YES;
				GCC_C_LANGUAGE_STANDARD = gnu11;
				GCC_DYNAMIC_NO_PIC = NO;
				GCC_NO_COMMON_BLOCKS = YES;
				GCC_OPTIMIZATION_LEVEL = 0;
				GCC_PREPROCESSOR_DEFINITIONS = (
					"DEBUG=1",
					"$(inherited)",
				);
				GCC_WARN_64_TO_32_BIT_CONVERSION = YES;
				GCC_WARN_ABOUT_RETURN_TYPE = YES_ERROR;
				GCC_WARN_UNDECLARED_SELECTOR = YES;
				GCC_WARN_UNINITIALIZED_AUTOS = YES_AGGRESSIVE;
				GCC_WARN_UNUSED_FUNCTION = YES;
				GCC_WARN_UNUSED_VARIABLE = YES;
				MACOSX_DEPLOYMENT_TARGET = 10.14;
				MTL_ENABLE_DEBUG_INFO = INCLUDE_SOURCE;
				MTL_FAST_MATH = YES;
				ONLY_ACTIVE_ARCH = YES;
				SDKROOT = macosx;
			};
			name = Debug;
		};
		AAE7823F21E4FA5F00646F48 /* Release */ = {
			isa = XCBuildConfiguration;
			buildSettings = {
				ALWAYS_SEARCH_USER_PATHS = NO;
				CLANG_ANALYZER_NONNULL = YES;
				CLANG_ANALYZER_NUMBER_OBJECT_CONVERSION = YES_AGGRESSIVE;
				CLANG_CXX_LANGUAGE_STANDARD = "gnu++14";
				CLANG_CXX_LIBRARY = "libc++";
				CLANG_ENABLE_MODULES = YES;
				CLANG_ENABLE_OBJC_ARC = YES;
				CLANG_ENABLE_OBJC_WEAK = YES;
				CLANG_WARN_BLOCK_CAPTURE_AUTORELEASING = YES;
				CLANG_WARN_BOOL_CONVERSION = YES;
				CLANG_WARN_COMMA = YES;
				CLANG_WARN_CONSTANT_CONVERSION = YES;
				CLANG_WARN_DEPRECATED_OBJC_IMPLEMENTATIONS = YES;
				CLANG_WARN_DIRECT_OBJC_ISA_USAGE = YES_ERROR;
				CLANG_WARN_DOCUMENTATION_COMMENTS = YES;
				CLANG_WARN_EMPTY_BODY = YES;
				CLANG_WARN_ENUM_CONVERSION = YES;
				CLANG_WARN_INFINITE_RECURSION = YES;
				CLANG_WARN_INT_CONVERSION = YES;
				CLANG_WARN_NON_LITERAL_NULL_CONVERSION = YES;
				CLANG_WARN_OBJC_IMPLICIT_RETAIN_SELF = YES;
				CLANG_WARN_OBJC_LITERAL_CONVERSION = YES;
				CLANG_WARN_OBJC_ROOT_CLASS = YES_ERROR;
				CLANG_WARN_RANGE_LOOP_ANALYSIS = YES;
				CLANG_WARN_STRICT_PROTOTYPES = YES;
				CLANG_WARN_SUSPICIOUS_MOVE = YES;
				CLANG_WARN_UNGUARDED_AVAILABILITY = YES_AGGRESSIVE;
				CLANG_WARN_UNREACHABLE_CODE = YES;
				CLANG_WARN__DUPLICATE_METHOD_MATCH = YES;
				CODE_SIGN_IDENTITY = "Mac Developer";
				COPY_PHASE_STRIP = NO;
				DEBUG_INFORMATION_FORMAT = "dwarf-with-dsym";
				ENABLE_NS_ASSERTIONS = NO;
				ENABLE_STRICT_OBJC_MSGSEND = YES;
				GCC_C_LANGUAGE_STANDARD = gnu11;
				GCC_NO_COMMON_BLOCKS = YES;
				GCC_WARN_64_TO_32_BIT_CONVERSION = YES;
				GCC_WARN_ABOUT_RETURN_TYPE = YES_ERROR;
				GCC_WARN_UNDECLARED_SELECTOR = YES;
				GCC_WARN_UNINITIALIZED_AUTOS = YES_AGGRESSIVE;
				GCC_WARN_UNUSED_FUNCTION = YES;
				GCC_WARN_UNUSED_VARIABLE = YES;
				MACOSX_DEPLOYMENT_TARGET = 10.14;
				MTL_ENABLE_DEBUG_INFO = NO;
				MTL_FAST_MATH = YES;
				SDKROOT = macosx;
			};
			name = Release;
		};
		AAE7824121E4FA5F00646F48 /* Debug */ = {
			isa = XCBuildConfiguration;
			buildSettings = {
				CODE_SIGN_STYLE = Automatic;
				DEVELOPMENT_TEAM = 24TL6EGTXM;
				PRODUCT_NAME = "$(TARGET_NAME)";
			};
			name = Debug;
		};
		AAE7824221E4FA5F00646F48 /* Release */ = {
			isa = XCBuildConfiguration;
			buildSettings = {
				CODE_SIGN_STYLE = Automatic;
				DEVELOPMENT_TEAM = 24TL6EGTXM;
				PRODUCT_NAME = "$(TARGET_NAME)";
			};
			name = Release;
		};
/* End XCBuildConfiguration section */

/* Begin XCConfigurationList section */
		AAE7823421E4FA5F00646F48 /* Build configuration list for PBXProject "HomeWork-7" */ = {
			isa = XCConfigurationList;
			buildConfigurations = (
				AAE7823E21E4FA5F00646F48 /* Debug */,
				AAE7823F21E4FA5F00646F48 /* Release */,
			);
			defaultConfigurationIsVisible = 0;
			defaultConfigurationName = Release;
		};
		AAE7824021E4FA5F00646F48 /* Build configuration list for PBXNativeTarget "HomeWork-7" */ = {
			isa = XCConfigurationList;
			buildConfigurations = (
				AAE7824121E4FA5F00646F48 /* Debug */,
				AAE7824221E4FA5F00646F48 /* Release */,
			);
			defaultConfigurationIsVisible = 0;
			defaultConfigurationName = Release;
		};
/* End XCConfigurationList section */
	};
	rootObject = AAE7823121E4FA5F00646F48 /* Project object */;
}
